<?xml version="1.0" encoding="utf-8"?>
<Project ToolsVersion="4.0" xmlns="http://schemas.microsoft.com/developer/msbuild/2003">
  <ItemGroup>
    <Filter Include="Source Files">
      <UniqueIdentifier>{4FC737F1-C7A5-4376-A066-2A32D752A2FF}</UniqueIdentifier>
      <Extensions>cpp;c;cc;cxx;def;odl;idl;hpj;bat;asm;asmx</Extensions>
    </Filter>
    <Filter Include="Header Files">
      <UniqueIdentifier>{93995380-89BD-4b04-88EB-625FBE52EBFB}</UniqueIdentifier>
      <Extensions>h;hh;hpp;hxx;hm;inl;inc;xsd</Extensions>
    </Filter>
    <Filter Include="Resource Files">
      <UniqueIdentifier>{67DA6AB6-F800-4c08-8B7A-83BB121AAD01}</UniqueIdentifier>
      <Extensions>rc;ico;cur;bmp;dlg;rc2;rct;bin;rgs;gif;jpg;jpeg;jpe;resx;tiff;tif;png;wav;mfcribbon-ms</Extensions>
    </Filter>
  </ItemGroup>
  <ItemGroup>
    <ClInclude Include="cAnimation.h">
      <Filter>Header Files</Filter>
    </ClInclude>
    <ClInclude Include="cAnimationManager.h">
      <Filter>Header Files</Filter>
    </ClInclude>
    <ClInclude Include="cCursor.h">
      <Filter>Header Files</Filter>
    </ClInclude>
    <ClInclude Include="cDatabase.h">
      <Filter>Header Files</Filter>
    </ClInclude>
    <ClInclude Include="cEditorState.h">
      <Filter>Header Files</Filter>
    </ClInclude>
    <ClInclude Include="cFile.h">
      <Filter>Header Files</Filter>
    </ClInclude>
    <ClInclude Include="cGameMoveObject.h">
      <Filter>Header Files</Filter>
    </ClInclude>
    <ClInclude Include="cGraphics.h">
      <Filter>Header Files</Filter>
    </ClInclude>
    <ClInclude Include="cGUI.h">
      <Filter>Header Files</Filter>
    </ClInclude>
    <ClInclude Include="cInput.h">
      <Filter>Header Files</Filter>
    </ClInclude>
    <ClInclude Include="cLevel.h">
      <Filter>Header Files</Filter>
    </ClInclude>
    <ClInclude Include="cMouse.h">
      <Filter>Header Files</Filter>
    </ClInclude>
    <ClInclude Include="cParser.h">
      <Filter>Header Files</Filter>
    </ClInclude>
    <ClInclude Include="cSDL2GameObject.h">
      <Filter>Header Files</Filter>
    </ClInclude>
    <ClInclude Include="cSDL2Graphics.h">
      <Filter>Header Files</Filter>
    </ClInclude>
    <ClInclude Include="cSDL2Rect.h">
      <Filter>Header Files</Filter>
    </ClInclude>
    <ClInclude Include="cState.h">
      <Filter>Header Files</Filter>
    </ClInclude>
    <ClInclude Include="cStateManager.h">
      <Filter>Header Files</Filter>
    </ClInclude>
    <ClInclude Include="cStaticButton.h">
      <Filter>Header Files</Filter>
    </ClInclude>
    <ClInclude Include="cTile.h">
      <Filter>Header Files</Filter>
    </ClInclude>
    <ClInclude Include="cTimer.h">
      <Filter>Header Files</Filter>
    </ClInclude>
    <ClInclude Include="DebugTool.h">
      <Filter>Header Files</Filter>
    </ClInclude>
    <ClInclude Include="Defines.h">
      <Filter>Header Files</Filter>
    </ClInclude>
    <ClInclude Include="sqlite3.h">
      <Filter>Header Files</Filter>
    </ClInclude>
    <ClInclude Include="sqlite3ext.h">
      <Filter>Header Files</Filter>
    </ClInclude>
    <ClInclude Include="Utility.h">
      <Filter>Header Files</Filter>
    </ClInclude>
    <ClInclude Include="Enums.h">
      <Filter>Header Files</Filter>
    </ClInclude>
    <ClInclude Include="cEntity.h">
      <Filter>Header Files</Filter>
    </ClInclude>
    <ClInclude Include="cGUIBasicButton.h">
      <Filter>Header Files</Filter>
    </ClInclude>
    <ClInclude Include="cGUIPopMenu.h">
      <Filter>Header Files</Filter>
    </ClInclude>
    <ClInclude Include="cTextInput.h">
      <Filter>Header Files</Filter>
    </ClInclude>
    <ClInclude Include="cItem.h">
      <Filter>Header Files</Filter>
    </ClInclude>
    <ClInclude Include="cGameState.h">
      <Filter>Header Files</Filter>
    </ClInclude>
    <ClInclude Include="cGameLevel.h">
      <Filter>Header Files</Filter>
    </ClInclude>
    <ClInclude Include="cCamera.h">
      <Filter>Header Files</Filter>
    </ClInclude>
    <ClInclude Include="cEditorPlayerStart.h">
      <Filter>Header Files</Filter>
    </ClInclude>
    <ClInclude Include="math.h">
      <Filter>Header Files</Filter>
    </ClInclude>
    <ClInclude Include="cEntityTest.h">
      <Filter>Header Files</Filter>
    </ClInclude>
    <ClInclude Include="cDMLParser.h">
      <Filter>Header Files</Filter>
    </ClInclude>
    <ClInclude Include="cEntityFactory.h">
      <Filter>Header Files</Filter>
    </ClInclude>
    <ClInclude Include="cAI.h">
      <Filter>Header Files</Filter>
    </ClInclude>
    <ClInclude Include="cEditorAction.h">
      <Filter>Header Files</Filter>
    </ClInclude>
    <ClInclude Include="cEffect.h">
      <Filter>Header Files</Filter>
    </ClInclude>
  </ItemGroup>
  <ItemGroup>
    <ClCompile Include="cAnimation.cpp">
      <Filter>Source Files</Filter>
    </ClCompile>
    <ClCompile Include="cAnimationManager.cpp">
      <Filter>Source Files</Filter>
    </ClCompile>
    <ClCompile Include="cCursor.cpp">
      <Filter>Source Files</Filter>
    </ClCompile>
    <ClCompile Include="cDatabase.cpp">
      <Filter>Source Files</Filter>
    </ClCompile>
    <ClCompile Include="cEditorState.cpp">
      <Filter>Source Files</Filter>
    </ClCompile>
    <ClCompile Include="cFile.cpp">
      <Filter>Source Files</Filter>
    </ClCompile>
    <ClCompile Include="cGameMoverObject.cpp">
      <Filter>Source Files</Filter>
    </ClCompile>
    <ClCompile Include="cGraphics.cpp">
      <Filter>Source Files</Filter>
    </ClCompile>
    <ClCompile Include="cGUI.cpp">
      <Filter>Source Files</Filter>
    </ClCompile>
    <ClCompile Include="cInput.cpp">
      <Filter>Source Files</Filter>
    </ClCompile>
    <ClCompile Include="cLevel.cpp">
      <Filter>Source Files</Filter>
    </ClCompile>
    <ClCompile Include="cMouse.cpp">
      <Filter>Source Files</Filter>
    </ClCompile>
    <ClCompile Include="cParser.cpp">
      <Filter>Source Files</Filter>
    </ClCompile>
    <ClCompile Include="cSDL2GameObject.cpp">
      <Filter>Source Files</Filter>
    </ClCompile>
    <ClCompile Include="cSDL2Graphics.cpp">
      <Filter>Source Files</Filter>
    </ClCompile>
    <ClCompile Include="cSDL2Rect.cpp">
      <Filter>Source Files</Filter>
    </ClCompile>
    <ClCompile Include="cStateManager.cpp">
      <Filter>Source Files</Filter>
    </ClCompile>
    <ClCompile Include="cStaticButton.cpp">
      <Filter>Source Files</Filter>
    </ClCompile>
    <ClCompile Include="cTile.cpp">
      <Filter>Source Files</Filter>
    </ClCompile>
    <ClCompile Include="cTimer.cpp">
      <Filter>Source Files</Filter>
    </ClCompile>
    <ClCompile Include="Main.cpp">
      <Filter>Source Files</Filter>
    </ClCompile>
    <ClCompile Include="cEntity.cpp">
      <Filter>Source Files</Filter>
    </ClCompile>
    <ClCompile Include="cGUIBasicButton.cpp">
      <Filter>Source Files</Filter>
    </ClCompile>
    <ClCompile Include="cGUIPopMenu.cpp">
      <Filter>Source Files</Filter>
    </ClCompile>
    <ClCompile Include="cTextInput.cpp">
      <Filter>Source Files</Filter>
    </ClCompile>
    <ClCompile Include="cItem.cpp">
      <Filter>Source Files</Filter>
    </ClCompile>
    <ClCompile Include="sqlite3.c">
      <Filter>Source Files</Filter>
    </ClCompile>
    <ClCompile Include="cGameState.cpp">
      <Filter>Source Files</Filter>
    </ClCompile>
    <ClCompile Include="cGameLevel.cpp">
      <Filter>Source Files</Filter>
    </ClCompile>
    <ClCompile Include="cEntityTest.cpp">
      <Filter>Source Files</Filter>
    </ClCompile>
    <ClCompile Include="cDMLParser.cpp">
      <Filter>Source Files</Filter>
    </ClCompile>
    <ClCompile Include="cEntityFactory.cpp">
      <Filter>Source Files</Filter>
    </ClCompile>
    <ClCompile Include="cAI.cpp">
      <Filter>Source Files</Filter>
    </ClCompile>
    <ClCompile Include="cEditorAction.cpp">
      <Filter>Source Files</Filter>
    </ClCompile>
    <ClCompile Include="cEffect.cpp">
      <Filter>Source Files</Filter>
    </ClCompile>
  </ItemGroup>
</Project>